
Microsoft Visual Studio Solution File, Format Version 12.00
# Visual Studio 2013
VisualStudioVersion = 12.0.21005.1
MinimumVisualStudioVersion = 10.0.40219.1
Project("{FAE04EC0-301F-11D3-BF4B-00C04F79EFBC}") = "06.PrintNumbers", "6.PrintNumbers\06.PrintNumbers.csproj", "{A3998A1F-DFC4-4C41-8203-E210FE6B99E8}"
EndProject
Project("{FAE04EC0-301F-11D3-BF4B-00C04F79EFBC}") = "07.Print First and Last Name", "7.FirstLastName\07.Print First and Last Name.csproj", "{6B2E385C-332B-4BD4-9C80-2DD24CFBB763}"
EndProject
Project("{FAE04EC0-301F-11D3-BF4B-00C04F79EFBC}") = "08.Square Root", "8.Square Root\08.Square Root.csproj", "{7F5EED78-D99F-4219-BBE4-0846FBA10C05}"
EndProject
Project("{FAE04EC0-301F-11D3-BF4B-00C04F79EFBC}") = "09.Print a Sequence", "9.Print a Sequence\09.Print a Sequence.csproj", "{7522F413-0EE0-4389-A59B-BD610CDA0CC0}"
EndProject
Project("{FAE04EC0-301F-11D3-BF4B-00C04F79EFBC}") = "10.Reformat CSharp Code", "10.Reformat CSharp Code\10.Reformat CSharp Code.csproj", "{A8D5F674-4A4B-475A-9D82-CFB59EDF48E6}"
EndProject
Project("{FAE04EC0-301F-11D3-BF4B-00C04F79EFBC}") = "14.Current Date and Time", "14.Current Date and Time\14.Current Date and Time.csproj", "{E86EF992-1472-4E51-8C22-8C763512867C}"
EndProject
Project("{FAE04EC0-301F-11D3-BF4B-00C04F79EFBC}") = "15.AgeAfter10Years", "15.AgeAfter10Years\15.AgeAfter10Years.csproj", "{0E995087-3FB3-482E-A71B-1B88773DF9F6}"
EndProject
Project("{FAE04EC0-301F-11D3-BF4B-00C04F79EFBC}") = "16.Print Long Sequence", "16.Print Long Sequence\16.Print Long Sequence.csproj", "{A600F119-8AE7-41B7-B5C0-F4351C08A8AF}"
EndProject
Project("{FAE04EC0-301F-11D3-BF4B-00C04F79EFBC}") = "17.Play with the Debugger", "17.Play with the Debugger\17.Play with the Debugger.csproj", "{4B870BF3-554F-42DD-8027-AB076E7B2194}"
EndProject
Project("{FAE04EC0-301F-11D3-BF4B-00C04F79EFBC}") = "04.HelloCSharp", "04.HelloCSharp\04.HelloCSharp.csproj", "{681ECEE5-E084-441A-8512-C2D75BB58DFE}"
EndProject
Project("{FAE04EC0-301F-11D3-BF4B-00C04F79EFBC}") = "05.PrintMyName", "05.Print-Your-Name\05.PrintMyName.csproj", "{E9E49D44-B8BF-4FB8-B80D-A60E127096A1}"
EndProject
Global
	GlobalSection(SolutionConfigurationPlatforms) = preSolution
		Debug|Any CPU = Debug|Any CPU
		Release|Any CPU = Release|Any CPU
	EndGlobalSection
	GlobalSection(ProjectConfigurationPlatforms) = postSolution
		{A3998A1F-DFC4-4C41-8203-E210FE6B99E8}.Debug|Any CPU.ActiveCfg = Debug|Any CPU
		{A3998A1F-DFC4-4C41-8203-E210FE6B99E8}.Debug|Any CPU.Build.0 = Debug|Any CPU
		{A3998A1F-DFC4-4C41-8203-E210FE6B99E8}.Release|Any CPU.ActiveCfg = Release|Any CPU
		{A3998A1F-DFC4-4C41-8203-E210FE6B99E8}.Release|Any CPU.Build.0 = Release|Any CPU
		{6B2E385C-332B-4BD4-9C80-2DD24CFBB763}.Debug|Any CPU.ActiveCfg = Debug|Any CPU
		{6B2E385C-332B-4BD4-9C80-2DD24CFBB763}.Debug|Any CPU.Build.0 = Debug|Any CPU
		{6B2E385C-332B-4BD4-9C80-2DD24CFBB763}.Release|Any CPU.ActiveCfg = Release|Any CPU
		{6B2E385C-332B-4BD4-9C80-2DD24CFBB763}.Release|Any CPU.Build.0 = Release|Any CPU
		{7F5EED78-D99F-4219-BBE4-0846FBA10C05}.Debug|Any CPU.ActiveCfg = Debug|Any CPU
		{7F5EED78-D99F-4219-BBE4-0846FBA10C05}.Debug|Any CPU.Build.0 = Debug|Any CPU
		{7F5EED78-D99F-4219-BBE4-0846FBA10C05}.Release|Any CPU.ActiveCfg = Release|Any CPU
		{7F5EED78-D99F-4219-BBE4-0846FBA10C05}.Release|Any CPU.Build.0 = Release|Any CPU
		{7522F413-0EE0-4389-A59B-BD610CDA0CC0}.Debug|Any CPU.ActiveCfg = Debug|Any CPU
		{7522F413-0EE0-4389-A59B-BD610CDA0CC0}.Debug|Any CPU.Build.0 = Debug|Any CPU
		{7522F413-0EE0-4389-A59B-BD610CDA0CC0}.Release|Any CPU.ActiveCfg = Release|Any CPU
		{7522F413-0EE0-4389-A59B-BD610CDA0CC0}.Release|Any CPU.Build.0 = Release|Any CPU
		{A8D5F674-4A4B-475A-9D82-CFB59EDF48E6}.Debug|Any CPU.ActiveCfg = Debug|Any CPU
		{A8D5F674-4A4B-475A-9D82-CFB59EDF48E6}.Debug|Any CPU.Build.0 = Debug|Any CPU
		{A8D5F674-4A4B-475A-9D82-CFB59EDF48E6}.Release|Any CPU.ActiveCfg = Release|Any CPU
		{A8D5F674-4A4B-475A-9D82-CFB59EDF48E6}.Release|Any CPU.Build.0 = Release|Any CPU
		{E86EF992-1472-4E51-8C22-8C763512867C}.Debug|Any CPU.ActiveCfg = Debug|Any CPU
		{E86EF992-1472-4E51-8C22-8C763512867C}.Debug|Any CPU.Build.0 = Debug|Any CPU
		{E86EF992-1472-4E51-8C22-8C763512867C}.Release|Any CPU.ActiveCfg = Release|Any CPU
		{E86EF992-1472-4E51-8C22-8C763512867C}.Release|Any CPU.Build.0 = Release|Any CPU
		{0E995087-3FB3-482E-A71B-1B88773DF9F6}.Debug|Any CPU.ActiveCfg = Debug|Any CPU
		{0E995087-3FB3-482E-A71B-1B88773DF9F6}.Debug|Any CPU.Build.0 = Debug|Any CPU
		{0E995087-3FB3-482E-A71B-1B88773DF9F6}.Release|Any CPU.ActiveCfg = Release|Any CPU
		{0E995087-3FB3-482E-A71B-1B88773DF9F6}.Release|Any CPU.Build.0 = Release|Any CPU
		{A600F119-8AE7-41B7-B5C0-F4351C08A8AF}.Debug|Any CPU.ActiveCfg = Debug|Any CPU
		{A600F119-8AE7-41B7-B5C0-F4351C08A8AF}.Debug|Any CPU.Build.0 = Debug|Any CPU
		{A600F119-8AE7-41B7-B5C0-F4351C08A8AF}.Release|Any CPU.ActiveCfg = Release|Any CPU
		{A600F119-8AE7-41B7-B5C0-F4351C08A8AF}.Release|Any CPU.Build.0 = Release|Any CPU
		{4B870BF3-554F-42DD-8027-AB076E7B2194}.Debug|Any CPU.ActiveCfg = Debug|Any CPU
		{4B870BF3-554F-42DD-8027-AB076E7B2194}.Debug|Any CPU.Build.0 = Debug|Any CPU
		{4B870BF3-554F-42DD-8027-AB076E7B2194}.Release|Any CPU.ActiveCfg = Release|Any CPU
		{4B870BF3-554F-42DD-8027-AB076E7B2194}.Release|Any CPU.Build.0 = Release|Any CPU
		{681ECEE5-E084-441A-8512-C2D75BB58DFE}.Debug|Any CPU.ActiveCfg = Debug|Any CPU
		{681ECEE5-E084-441A-8512-C2D75BB58DFE}.Debug|Any CPU.Build.0 = Debug|Any CPU
		{681ECEE5-E084-441A-8512-C2D75BB58DFE}.Release|Any CPU.ActiveCfg = Release|Any CPU
		{681ECEE5-E084-441A-8512-C2D75BB58DFE}.Release|Any CPU.Build.0 = Release|Any CPU
		{E9E49D44-B8BF-4FB8-B80D-A60E127096A1}.Debug|Any CPU.ActiveCfg = Debug|Any CPU
		{E9E49D44-B8BF-4FB8-B80D-A60E127096A1}.Debug|Any CPU.Build.0 = Debug|Any CPU
		{E9E49D44-B8BF-4FB8-B80D-A60E127096A1}.Release|Any CPU.ActiveCfg = Release|Any CPU
		{E9E49D44-B8BF-4FB8-B80D-A60E127096A1}.Release|Any CPU.Build.0 = Release|Any CPU
	EndGlobalSection
	GlobalSection(SolutionProperties) = preSolution
		HideSolutionNode = FALSE
	EndGlobalSection
EndGlobal
