
Microsoft Visual Studio Solution File, Format Version 12.00
# Visual Studio 2013
VisualStudioVersion = 12.0.21005.1
MinimumVisualStudioVersion = 10.0.40219.1
Project("{FAE04EC0-301F-11D3-BF4B-00C04F79EFBC}") = "Cinema", "Cinema\Cinema.csproj", "{07E6CAE9-AB51-4923-83CB-D06D1DC5B852}"
EndProject
Project("{FAE04EC0-301F-11D3-BF4B-00C04F79EFBC}") = "illuminati", "illuminati\illuminati.csproj", "{A8F4ADD5-C200-4823-BEAB-4243B8D5F15D}"
EndProject
Project("{FAE04EC0-301F-11D3-BF4B-00C04F79EFBC}") = "New House", "New House\New House.csproj", "{F2AAD375-0E2D-403A-B775-8B182DF7356C}"
EndProject
Global
	GlobalSection(SolutionConfigurationPlatforms) = preSolution
		Debug|Any CPU = Debug|Any CPU
		Release|Any CPU = Release|Any CPU
	EndGlobalSection
	GlobalSection(ProjectConfigurationPlatforms) = postSolution
		{07E6CAE9-AB51-4923-83CB-D06D1DC5B852}.Debug|Any CPU.ActiveCfg = Debug|Any CPU
		{07E6CAE9-AB51-4923-83CB-D06D1DC5B852}.Debug|Any CPU.Build.0 = Debug|Any CPU
		{07E6CAE9-AB51-4923-83CB-D06D1DC5B852}.Release|Any CPU.ActiveCfg = Release|Any CPU
		{07E6CAE9-AB51-4923-83CB-D06D1DC5B852}.Release|Any CPU.Build.0 = Release|Any CPU
		{A8F4ADD5-C200-4823-BEAB-4243B8D5F15D}.Debug|Any CPU.ActiveCfg = Debug|Any CPU
		{A8F4ADD5-C200-4823-BEAB-4243B8D5F15D}.Debug|Any CPU.Build.0 = Debug|Any CPU
		{A8F4ADD5-C200-4823-BEAB-4243B8D5F15D}.Release|Any CPU.ActiveCfg = Release|Any CPU
		{A8F4ADD5-C200-4823-BEAB-4243B8D5F15D}.Release|Any CPU.Build.0 = Release|Any CPU
		{F2AAD375-0E2D-403A-B775-8B182DF7356C}.Debug|Any CPU.ActiveCfg = Debug|Any CPU
		{F2AAD375-0E2D-403A-B775-8B182DF7356C}.Debug|Any CPU.Build.0 = Debug|Any CPU
		{F2AAD375-0E2D-403A-B775-8B182DF7356C}.Release|Any CPU.ActiveCfg = Release|Any CPU
		{F2AAD375-0E2D-403A-B775-8B182DF7356C}.Release|Any CPU.Build.0 = Release|Any CPU
	EndGlobalSection
	GlobalSection(SolutionProperties) = preSolution
		HideSolutionNode = FALSE
	EndGlobalSection
EndGlobal
