
Microsoft Visual Studio Solution File, Format Version 12.00
# Visual Studio 2013
VisualStudioVersion = 12.0.21005.1
MinimumVisualStudioVersion = 10.0.40219.1
Project("{FAE04EC0-301F-11D3-BF4B-00C04F79EFBC}") = "03. Trapezoid", "03. Trapezoid\03. Trapezoid.csproj", "{F1E82866-D343-47E1-930D-92388CBCA887}"
EndProject
Project("{FAE04EC0-301F-11D3-BF4B-00C04F79EFBC}") = "01. Math Expression", "Math Expression\01. Math Expression.csproj", "{D7FD9F7F-40B1-46BC-BCBB-C494A48AC88E}"
EndProject
Project("{FAE04EC0-301F-11D3-BF4B-00C04F79EFBC}") = "02. Least Majority Multiple", "02. Least Majority Multiple\02. Least Majority Multiple.csproj", "{F4646001-9D0E-4704-894A-3BE4387EB712}"
EndProject
Global
	GlobalSection(SolutionConfigurationPlatforms) = preSolution
		Debug|Any CPU = Debug|Any CPU
		Release|Any CPU = Release|Any CPU
	EndGlobalSection
	GlobalSection(ProjectConfigurationPlatforms) = postSolution
		{F1E82866-D343-47E1-930D-92388CBCA887}.Debug|Any CPU.ActiveCfg = Debug|Any CPU
		{F1E82866-D343-47E1-930D-92388CBCA887}.Debug|Any CPU.Build.0 = Debug|Any CPU
		{F1E82866-D343-47E1-930D-92388CBCA887}.Release|Any CPU.ActiveCfg = Release|Any CPU
		{F1E82866-D343-47E1-930D-92388CBCA887}.Release|Any CPU.Build.0 = Release|Any CPU
		{D7FD9F7F-40B1-46BC-BCBB-C494A48AC88E}.Debug|Any CPU.ActiveCfg = Debug|Any CPU
		{D7FD9F7F-40B1-46BC-BCBB-C494A48AC88E}.Debug|Any CPU.Build.0 = Debug|Any CPU
		{D7FD9F7F-40B1-46BC-BCBB-C494A48AC88E}.Release|Any CPU.ActiveCfg = Release|Any CPU
		{D7FD9F7F-40B1-46BC-BCBB-C494A48AC88E}.Release|Any CPU.Build.0 = Release|Any CPU
		{F4646001-9D0E-4704-894A-3BE4387EB712}.Debug|Any CPU.ActiveCfg = Debug|Any CPU
		{F4646001-9D0E-4704-894A-3BE4387EB712}.Debug|Any CPU.Build.0 = Debug|Any CPU
		{F4646001-9D0E-4704-894A-3BE4387EB712}.Release|Any CPU.ActiveCfg = Release|Any CPU
		{F4646001-9D0E-4704-894A-3BE4387EB712}.Release|Any CPU.Build.0 = Release|Any CPU
	EndGlobalSection
	GlobalSection(SolutionProperties) = preSolution
		HideSolutionNode = FALSE
	EndGlobalSection
EndGlobal
