
Microsoft Visual Studio Solution File, Format Version 12.00
# Visual Studio 2013
VisualStudioVersion = 12.0.30723.0
MinimumVisualStudioVersion = 10.0.40219.1
Project("{FAE04EC0-301F-11D3-BF4B-00C04F79EFBC}") = "01_Customer", "01_Customer\01_Customer.csproj", "{0B4E01DD-069C-4B58-964C-E7B40CC51CBC}"
EndProject
Project("{FAE04EC0-301F-11D3-BF4B-00C04F79EFBC}") = "02_StringDisperser", "02_StringDisperser\02_StringDisperser.csproj", "{06418307-D448-4E42-AB7E-BA4178EC1FCA}"
EndProject
Global
	GlobalSection(SolutionConfigurationPlatforms) = preSolution
		Debug|Any CPU = Debug|Any CPU
		Release|Any CPU = Release|Any CPU
	EndGlobalSection
	GlobalSection(ProjectConfigurationPlatforms) = postSolution
		{0B4E01DD-069C-4B58-964C-E7B40CC51CBC}.Debug|Any CPU.ActiveCfg = Debug|Any CPU
		{0B4E01DD-069C-4B58-964C-E7B40CC51CBC}.Debug|Any CPU.Build.0 = Debug|Any CPU
		{0B4E01DD-069C-4B58-964C-E7B40CC51CBC}.Release|Any CPU.ActiveCfg = Release|Any CPU
		{0B4E01DD-069C-4B58-964C-E7B40CC51CBC}.Release|Any CPU.Build.0 = Release|Any CPU
		{06418307-D448-4E42-AB7E-BA4178EC1FCA}.Debug|Any CPU.ActiveCfg = Debug|Any CPU
		{06418307-D448-4E42-AB7E-BA4178EC1FCA}.Debug|Any CPU.Build.0 = Debug|Any CPU
		{06418307-D448-4E42-AB7E-BA4178EC1FCA}.Release|Any CPU.ActiveCfg = Release|Any CPU
		{06418307-D448-4E42-AB7E-BA4178EC1FCA}.Release|Any CPU.Build.0 = Release|Any CPU
	EndGlobalSection
	GlobalSection(SolutionProperties) = preSolution
		HideSolutionNode = FALSE
	EndGlobalSection
EndGlobal
