
Microsoft Visual Studio Solution File, Format Version 12.00
# Visual Studio 2013
VisualStudioVersion = 12.0.21005.1
MinimumVisualStudioVersion = 10.0.40219.1
Project("{FAE04EC0-301F-11D3-BF4B-00C04F79EFBC}") = "FruitMarket", "FruitMarket\FruitMarket.csproj", "{656BD195-A92D-4F17-AFB9-B0E0CFF5BE4E}"
EndProject
Project("{FAE04EC0-301F-11D3-BF4B-00C04F79EFBC}") = "Wine Glass", "Wine Glass\Wine Glass.csproj", "{789E1628-1BBC-4F93-A248-27F2F64A82D0}"
EndProject
Global
	GlobalSection(SolutionConfigurationPlatforms) = preSolution
		Debug|Any CPU = Debug|Any CPU
		Release|Any CPU = Release|Any CPU
	EndGlobalSection
	GlobalSection(ProjectConfigurationPlatforms) = postSolution
		{656BD195-A92D-4F17-AFB9-B0E0CFF5BE4E}.Debug|Any CPU.ActiveCfg = Debug|Any CPU
		{656BD195-A92D-4F17-AFB9-B0E0CFF5BE4E}.Debug|Any CPU.Build.0 = Debug|Any CPU
		{656BD195-A92D-4F17-AFB9-B0E0CFF5BE4E}.Release|Any CPU.ActiveCfg = Release|Any CPU
		{656BD195-A92D-4F17-AFB9-B0E0CFF5BE4E}.Release|Any CPU.Build.0 = Release|Any CPU
		{789E1628-1BBC-4F93-A248-27F2F64A82D0}.Debug|Any CPU.ActiveCfg = Debug|Any CPU
		{789E1628-1BBC-4F93-A248-27F2F64A82D0}.Debug|Any CPU.Build.0 = Debug|Any CPU
		{789E1628-1BBC-4F93-A248-27F2F64A82D0}.Release|Any CPU.ActiveCfg = Release|Any CPU
		{789E1628-1BBC-4F93-A248-27F2F64A82D0}.Release|Any CPU.Build.0 = Release|Any CPU
	EndGlobalSection
	GlobalSection(SolutionProperties) = preSolution
		HideSolutionNode = FALSE
	EndGlobalSection
EndGlobal
